{
  "name": "nest_js_serverless",
  "version": "1.0.0",
  "description": "AWS Lambda function using NestJS",
  "main": "index.js",
  "scripts": {
    "test": "echo \"No tests specified\"",
    "start": "node index.js"
  },
  "author": "Francesco Giuseppe Ziccolella",
  "license": "ISC",
  "dependencies": {
    "@nestjs/core": "^8.0.0",
    "@nestjs/common": "^8.0.0",
    "@nestjs/platform-express": "^8.0.0",
    "aws-sdk": "^2.111.0",
    "adm-zip": "^0.5.2"
  }
}
